
Microsoft Visual Studio Solution File, Format Version 12.00
# Visual Studio Version 16
VisualStudioVersion = 16.0.34407.143
MinimumVisualStudioVersion = 10.0.40219.1
Project("{FAE04EC0-301F-11D3-BF4B-00C04F79EFBC}") = "FormworkArea", "FormworkArea\FormworkArea.csproj", "{BCE69769-3B49-4D40-8BA0-FD6C56788F5E}"
EndProject
Global
	GlobalSection(SolutionConfigurationPlatforms) = preSolution
		Debug|Any CPU = Debug|Any CPU
		Release|Any CPU = Release|Any CPU
	EndGlobalSection
	GlobalSection(ProjectConfigurationPlatforms) = postSolution
		{BCE69769-3B49-4D40-8BA0-FD6C56788F5E}.Debug|Any CPU.ActiveCfg = Debug|Any CPU
		{BCE69769-3B49-4D40-8BA0-FD6C56788F5E}.Debug|Any CPU.Build.0 = Debug|Any CPU
		{BCE69769-3B49-4D40-8BA0-FD6C56788F5E}.Release|Any CPU.ActiveCfg = Release|Any CPU
		{BCE69769-3B49-4D40-8BA0-FD6C56788F5E}.Release|Any CPU.Build.0 = Release|Any CPU
	EndGlobalSection
	GlobalSection(SolutionProperties) = preSolution
		HideSolutionNode = FALSE
	EndGlobalSection
	GlobalSection(ExtensibilityGlobals) = postSolution
		SolutionGuid = {E417D61C-CD8F-4582-A9DA-58F1BFDE5061}
	EndGlobalSection
EndGlobal
